// !$*UTF8*$!
{
	archiveVersion = 1;
	classes = {
	};
	objectVersion = 51;
	objects = {

/* Begin PBXBuildFile section */
		1105871E2424338E0005B62D /* AppDelegate.swift in Sources */ = {isa = PBXBuildFile; fileRef = 1105871D2424338E0005B62D /* AppDelegate.swift */; };
		110587202424338E0005B62D /* SceneDelegate.swift in Sources */ = {isa = PBXBuildFile; fileRef = 1105871F2424338E0005B62D /* SceneDelegate.swift */; };
		110587222424338E0005B62D /* StartViewController.swift in Sources */ = {isa = PBXBuildFile; fileRef = 110587212424338E0005B62D /* StartViewController.swift */; };
		110587252424338E0005B62D /* Main.storyboard in Resources */ = {isa = PBXBuildFile; fileRef = 110587232424338E0005B62D /* Main.storyboard */; };
		110587282424338E0005B62D /* Unscramble_It_.xcdatamodeld in Sources */ = {isa = PBXBuildFile; fileRef = 110587262424338E0005B62D /* Unscramble_It_.xcdatamodeld */; };
		1105872A242433900005B62D /* Assets.xcassets in Resources */ = {isa = PBXBuildFile; fileRef = 11058729242433900005B62D /* Assets.xcassets */; };
		1105872D242433900005B62D /* LaunchScreen.storyboard in Resources */ = {isa = PBXBuildFile; fileRef = 1105872B242433900005B62D /* LaunchScreen.storyboard */; };
		11058738242433900005B62D /* Unscramble_It_Tests.swift in Sources */ = {isa = PBXBuildFile; fileRef = 11058737242433900005B62D /* Unscramble_It_Tests.swift */; };
		11058743242433910005B62D /* Unscramble_It_UITests.swift in Sources */ = {isa = PBXBuildFile; fileRef = 11058742242433910005B62D /* Unscramble_It_UITests.swift */; };
		11343DBB2470584900748375 /* GameViewController.swift in Sources */ = {isa = PBXBuildFile; fileRef = 11343DBA2470584900748375 /* GameViewController.swift */; };
		11820E1B246E4C8000497D90 /* GoogleService-Info.plist in Resources */ = {isa = PBXBuildFile; fileRef = 11820E1A246E4C8000497D90 /* GoogleService-Info.plist */; };
		118D74C6242C7048007DB21E /* CategoryViewController.swift in Sources */ = {isa = PBXBuildFile; fileRef = 118D74C5242C7048007DB21E /* CategoryViewController.swift */; };
		11D793C32428822A00435B54 /* Common_Words.txt in Resources */ = {isa = PBXBuildFile; fileRef = 11D793BE2428822A00435B54 /* Common_Words.txt */; };
		11D793C42428822A00435B54 /* Nature.txt in Resources */ = {isa = PBXBuildFile; fileRef = 11D793BF2428822A00435B54 /* Nature.txt */; };
		11D793C52428822A00435B54 /* Space.txt in Resources */ = {isa = PBXBuildFile; fileRef = 11D793C02428822A00435B54 /* Space.txt */; };
		11D793C62428822A00435B54 /* Countries.txt in Resources */ = {isa = PBXBuildFile; fileRef = 11D793C12428822A00435B54 /* Countries.txt */; };
		11D793C72428822A00435B54 /* Adjectives.txt in Resources */ = {isa = PBXBuildFile; fileRef = 11D793C22428822A00435B54 /* Adjectives.txt */; };
		1B65CED25D6BE3E2D3DA6E00 /* Pods_Unscramble_It_.framework in Frameworks */ = {isa = PBXBuildFile; fileRef = ACB132CF45679508EC5E99FC /* Pods_Unscramble_It_.framework */; };
		859EB320A20244AE729D75CE /* Pods_Unscramble_It__Unscramble_It_UITests.framework in Frameworks */ = {isa = PBXBuildFile; fileRef = 276C610820DAD930670592C3 /* Pods_Unscramble_It__Unscramble_It_UITests.framework */; };
		AC4188D6EA15B4EF26E573CB /* Pods_Unscramble_It_Tests.framework in Frameworks */ = {isa = PBXBuildFile; fileRef = B2ABBE4071424EE5E34F1B26 /* Pods_Unscramble_It_Tests.framework */; };
/* End PBXBuildFile section */

/* Begin PBXContainerItemProxy section */
		11058734242433900005B62D /* PBXContainerItemProxy */ = {
			isa = PBXContainerItemProxy;
			containerPortal = 110587122424338E0005B62D /* Project object */;
			proxyType = 1;
			remoteGlobalIDString = 110587192424338E0005B62D;
			remoteInfo = "Unscramble It!";
		};
		1105873F242433910005B62D /* PBXContainerItemProxy */ = {
			isa = PBXContainerItemProxy;
			containerPortal = 110587122424338E0005B62D /* Project object */;
			proxyType = 1;
			remoteGlobalIDString = 110587192424338E0005B62D;
			remoteInfo = "Unscramble It!";
		};
/* End PBXContainerItemProxy section */

/* Begin PBXFileReference section */
		03F0ACCC701189D8C008B4CD /* Pods-Unscramble It!Tests.release.xcconfig */ = {isa = PBXFileReference; includeInIndex = 1; lastKnownFileType = text.xcconfig; name = "Pods-Unscramble It!Tests.release.xcconfig"; path = "Target Support Files/Pods-Unscramble It!Tests/Pods-Unscramble It!Tests.release.xcconfig"; sourceTree = "<group>"; };
		0DE625961B95F47288B8B2D1 /* Pods-Unscramble It!Tests.debug.xcconfig */ = {isa = PBXFileReference; includeInIndex = 1; lastKnownFileType = text.xcconfig; name = "Pods-Unscramble It!Tests.debug.xcconfig"; path = "Target Support Files/Pods-Unscramble It!Tests/Pods-Unscramble It!Tests.debug.xcconfig"; sourceTree = "<group>"; };
		1105871A2424338E0005B62D /* Unscramble It!.app */ = {isa = PBXFileReference; explicitFileType = wrapper.application; includeInIndex = 0; path = "Unscramble It!.app"; sourceTree = BUILT_PRODUCTS_DIR; };
		1105871D2424338E0005B62D /* AppDelegate.swift */ = {isa = PBXFileReference; lastKnownFileType = sourcecode.swift; path = AppDelegate.swift; sourceTree = "<group>"; };
		1105871F2424338E0005B62D /* SceneDelegate.swift */ = {isa = PBXFileReference; lastKnownFileType = sourcecode.swift; path = SceneDelegate.swift; sourceTree = "<group>"; };
		110587212424338E0005B62D /* StartViewController.swift */ = {isa = PBXFileReference; lastKnownFileType = sourcecode.swift; path = StartViewController.swift; sourceTree = "<group>"; };
		110587242424338E0005B62D /* Base */ = {isa = PBXFileReference; lastKnownFileType = file.storyboard; name = Base; path = Base.lproj/Main.storyboard; sourceTree = "<group>"; };
		110587272424338E0005B62D /* Unscramble_It_.xcdatamodel */ = {isa = PBXFileReference; lastKnownFileType = wrapper.xcdatamodel; path = Unscramble_It_.xcdatamodel; sourceTree = "<group>"; };
		11058729242433900005B62D /* Assets.xcassets */ = {isa = PBXFileReference; lastKnownFileType = folder.assetcatalog; path = Assets.xcassets; sourceTree = "<group>"; };
		1105872C242433900005B62D /* Base */ = {isa = PBXFileReference; lastKnownFileType = file.storyboard; name = Base; path = Base.lproj/LaunchScreen.storyboard; sourceTree = "<group>"; };
		1105872E242433900005B62D /* Info.plist */ = {isa = PBXFileReference; lastKnownFileType = text.plist.xml; path = Info.plist; sourceTree = "<group>"; };
		11058733242433900005B62D /* Unscramble It!Tests.xctest */ = {isa = PBXFileReference; explicitFileType = wrapper.cfbundle; includeInIndex = 0; path = "Unscramble It!Tests.xctest"; sourceTree = BUILT_PRODUCTS_DIR; };
		11058737242433900005B62D /* Unscramble_It_Tests.swift */ = {isa = PBXFileReference; lastKnownFileType = sourcecode.swift; path = Unscramble_It_Tests.swift; sourceTree = "<group>"; };
		11058739242433900005B62D /* Info.plist */ = {isa = PBXFileReference; lastKnownFileType = text.plist.xml; path = Info.plist; sourceTree = "<group>"; };
		1105873E242433910005B62D /* Unscramble It!UITests.xctest */ = {isa = PBXFileReference; explicitFileType = wrapper.cfbundle; includeInIndex = 0; path = "Unscramble It!UITests.xctest"; sourceTree = BUILT_PRODUCTS_DIR; };
		11058742242433910005B62D /* Unscramble_It_UITests.swift */ = {isa = PBXFileReference; lastKnownFileType = sourcecode.swift; path = Unscramble_It_UITests.swift; sourceTree = "<group>"; };
		11058744242433910005B62D /* Info.plist */ = {isa = PBXFileReference; lastKnownFileType = text.plist.xml; path = Info.plist; sourceTree = "<group>"; };
		11343DBA2470584900748375 /* GameViewController.swift */ = {isa = PBXFileReference; lastKnownFileType = sourcecode.swift; path = GameViewController.swift; sourceTree = "<group>"; };
		11820E1A246E4C8000497D90 /* GoogleService-Info.plist */ = {isa = PBXFileReference; fileEncoding = 4; lastKnownFileType = text.plist.xml; path = "GoogleService-Info.plist"; sourceTree = "<group>"; };
		118D74C5242C7048007DB21E /* CategoryViewController.swift */ = {isa = PBXFileReference; lastKnownFileType = sourcecode.swift; path = CategoryViewController.swift; sourceTree = "<group>"; };
		11D793BE2428822A00435B54 /* Common_Words.txt */ = {isa = PBXFileReference; fileEncoding = 4; lastKnownFileType = text; path = Common_Words.txt; sourceTree = "<group>"; };
		11D793BF2428822A00435B54 /* Nature.txt */ = {isa = PBXFileReference; fileEncoding = 4; lastKnownFileType = text; path = Nature.txt; sourceTree = "<group>"; };
		11D793C02428822A00435B54 /* Space.txt */ = {isa = PBXFileReference; fileEncoding = 4; lastKnownFileType = text; path = Space.txt; sourceTree = "<group>"; };
		11D793C12428822A00435B54 /* Countries.txt */ = {isa = PBXFileReference; fileEncoding = 4; lastKnownFileType = text; path = Countries.txt; sourceTree = "<group>"; };
		11D793C22428822A00435B54 /* Adjectives.txt */ = {isa = PBXFileReference; fileEncoding = 4; lastKnownFileType = text; path = Adjectives.txt; sourceTree = "<group>"; };
		276C610820DAD930670592C3 /* Pods_Unscramble_It__Unscramble_It_UITests.framework */ = {isa = PBXFileReference; explicitFileType = wrapper.framework; includeInIndex = 0; path = Pods_Unscramble_It__Unscramble_It_UITests.framework; sourceTree = BUILT_PRODUCTS_DIR; };
		7FB422ED80A51D513A37F51B /* Pods-Unscramble It!-Unscramble It!UITests.release.xcconfig */ = {isa = PBXFileReference; includeInIndex = 1; lastKnownFileType = text.xcconfig; name = "Pods-Unscramble It!-Unscramble It!UITests.release.xcconfig"; path = "Target Support Files/Pods-Unscramble It!-Unscramble It!UITests/Pods-Unscramble It!-Unscramble It!UITests.release.xcconfig"; sourceTree = "<group>"; };
		ACB132CF45679508EC5E99FC /* Pods_Unscramble_It_.framework */ = {isa = PBXFileReference; explicitFileType = wrapper.framework; includeInIndex = 0; path = Pods_Unscramble_It_.framework; sourceTree = BUILT_PRODUCTS_DIR; };
		B2ABBE4071424EE5E34F1B26 /* Pods_Unscramble_It_Tests.framework */ = {isa = PBXFileReference; explicitFileType = wrapper.framework; includeInIndex = 0; path = Pods_Unscramble_It_Tests.framework; sourceTree = BUILT_PRODUCTS_DIR; };
		BE9FF1DF226AD9A143E1CD52 /* Pods-Unscramble It!.debug.xcconfig */ = {isa = PBXFileReference; includeInIndex = 1; lastKnownFileType = text.xcconfig; name = "Pods-Unscramble It!.debug.xcconfig"; path = "Target Support Files/Pods-Unscramble It!/Pods-Unscramble It!.debug.xcconfig"; sourceTree = "<group>"; };
		C8C6B7DB19B41F68C3A1946B /* Pods-Unscramble It!.release.xcconfig */ = {isa = PBXFileReference; includeInIndex = 1; lastKnownFileType = text.xcconfig; name = "Pods-Unscramble It!.release.xcconfig"; path = "Target Support Files/Pods-Unscramble It!/Pods-Unscramble It!.release.xcconfig"; sourceTree = "<group>"; };
		CD474C3474C8FC195BEDFBD3 /* Pods-Unscramble It!-Unscramble It!UITests.debug.xcconfig */ = {isa = PBXFileReference; includeInIndex = 1; lastKnownFileType = text.xcconfig; name = "Pods-Unscramble It!-Unscramble It!UITests.debug.xcconfig"; path = "Target Support Files/Pods-Unscramble It!-Unscramble It!UITests/Pods-Unscramble It!-Unscramble It!UITests.debug.xcconfig"; sourceTree = "<group>"; };
/* End PBXFileReference section */

/* Begin PBXFrameworksBuildPhase section */
		110587172424338E0005B62D /* Frameworks */ = {
			isa = PBXFrameworksBuildPhase;
			buildActionMask = 2147483647;
			files = (
				1B65CED25D6BE3E2D3DA6E00 /* Pods_Unscramble_It_.framework in Frameworks */,
			);
			runOnlyForDeploymentPostprocessing = 0;
		};
		11058730242433900005B62D /* Frameworks */ = {
			isa = PBXFrameworksBuildPhase;
			buildActionMask = 2147483647;
			files = (
				AC4188D6EA15B4EF26E573CB /* Pods_Unscramble_It_Tests.framework in Frameworks */,
			);
			runOnlyForDeploymentPostprocessing = 0;
		};
		1105873B242433910005B62D /* Frameworks */ = {
			isa = PBXFrameworksBuildPhase;
			buildActionMask = 2147483647;
			files = (
				859EB320A20244AE729D75CE /* Pods_Unscramble_It__Unscramble_It_UITests.framework in Frameworks */,
			);
			runOnlyForDeploymentPostprocessing = 0;
		};
/* End PBXFrameworksBuildPhase section */

/* Begin PBXGroup section */
		110587112424338E0005B62D = {
			isa = PBXGroup;
			children = (
				1105871C2424338E0005B62D /* Unscramble It! */,
				11058736242433900005B62D /* Unscramble It!Tests */,
				11058741242433910005B62D /* Unscramble It!UITests */,
				1105871B2424338E0005B62D /* Products */,
				FB797A47E0B8BE37B0A69770 /* Pods */,
				72F59B2936BA5A5416AAF8C9 /* Frameworks */,
			);
			sourceTree = "<group>";
		};
		1105871B2424338E0005B62D /* Products */ = {
			isa = PBXGroup;
			children = (
				1105871A2424338E0005B62D /* Unscramble It!.app */,
				11058733242433900005B62D /* Unscramble It!Tests.xctest */,
				1105873E242433910005B62D /* Unscramble It!UITests.xctest */,
			);
			name = Products;
			sourceTree = "<group>";
		};
		1105871C2424338E0005B62D /* Unscramble It! */ = {
			isa = PBXGroup;
			children = (
				11D793C82428823600435B54 /* Text File References */,
				11DAC5F72473835A00AF718C /* Supporting Files */,
				110587212424338E0005B62D /* StartViewController.swift */,
				110587232424338E0005B62D /* Main.storyboard */,
				118D74C5242C7048007DB21E /* CategoryViewController.swift */,
				11343DBA2470584900748375 /* GameViewController.swift */,
				11058729242433900005B62D /* Assets.xcassets */,
				11820E1A246E4C8000497D90 /* GoogleService-Info.plist */,
				1105872E242433900005B62D /* Info.plist */,
				110587262424338E0005B62D /* Unscramble_It_.xcdatamodeld */,
			);
			path = "Unscramble It!";
			sourceTree = "<group>";
		};
		11058736242433900005B62D /* Unscramble It!Tests */ = {
			isa = PBXGroup;
			children = (
				11058737242433900005B62D /* Unscramble_It_Tests.swift */,
				11058739242433900005B62D /* Info.plist */,
			);
			path = "Unscramble It!Tests";
			sourceTree = "<group>";
		};
		11058741242433910005B62D /* Unscramble It!UITests */ = {
			isa = PBXGroup;
			children = (
				11058742242433910005B62D /* Unscramble_It_UITests.swift */,
				11058744242433910005B62D /* Info.plist */,
			);
			path = "Unscramble It!UITests";
			sourceTree = "<group>";
		};
		11D793C82428823600435B54 /* Text File References */ = {
			isa = PBXGroup;
			children = (
				11D793C22428822A00435B54 /* Adjectives.txt */,
				11D793BE2428822A00435B54 /* Common_Words.txt */,
				11D793C12428822A00435B54 /* Countries.txt */,
				11D793BF2428822A00435B54 /* Nature.txt */,
				11D793C02428822A00435B54 /* Space.txt */,
			);
			path = "Text File References";
			sourceTree = "<group>";
		};
		11DAC5F72473835A00AF718C /* Supporting Files */ = {
			isa = PBXGroup;
			children = (
				1105871D2424338E0005B62D /* AppDelegate.swift */,
				1105871F2424338E0005B62D /* SceneDelegate.swift */,
				1105872B242433900005B62D /* LaunchScreen.storyboard */,
			);
			path = "Supporting Files";
			sourceTree = "<group>";
		};
		72F59B2936BA5A5416AAF8C9 /* Frameworks */ = {
			isa = PBXGroup;
			children = (
				ACB132CF45679508EC5E99FC /* Pods_Unscramble_It_.framework */,
				276C610820DAD930670592C3 /* Pods_Unscramble_It__Unscramble_It_UITests.framework */,
				B2ABBE4071424EE5E34F1B26 /* Pods_Unscramble_It_Tests.framework */,
			);
			name = Frameworks;
			sourceTree = "<group>";
		};
		FB797A47E0B8BE37B0A69770 /* Pods */ = {
			isa = PBXGroup;
			children = (
				BE9FF1DF226AD9A143E1CD52 /* Pods-Unscramble It!.debug.xcconfig */,
				C8C6B7DB19B41F68C3A1946B /* Pods-Unscramble It!.release.xcconfig */,
				CD474C3474C8FC195BEDFBD3 /* Pods-Unscramble It!-Unscramble It!UITests.debug.xcconfig */,
				7FB422ED80A51D513A37F51B /* Pods-Unscramble It!-Unscramble It!UITests.release.xcconfig */,
				0DE625961B95F47288B8B2D1 /* Pods-Unscramble It!Tests.debug.xcconfig */,
				03F0ACCC701189D8C008B4CD /* Pods-Unscramble It!Tests.release.xcconfig */,
			);
			path = Pods;
			sourceTree = "<group>";
		};
/* End PBXGroup section */

/* Begin PBXNativeTarget section */
		110587192424338E0005B62D /* Unscramble It! */ = {
			isa = PBXNativeTarget;
			buildConfigurationList = 11058747242433910005B62D /* Build configuration list for PBXNativeTarget "Unscramble It!" */;
			buildPhases = (
				DB299A8CFB1C6ABE88F8F778 /* [CP] Check Pods Manifest.lock */,
				110587162424338E0005B62D /* Sources */,
				110587172424338E0005B62D /* Frameworks */,
				110587182424338E0005B62D /* Resources */,
				09717B34AE71B17152B3AACC /* [CP] Embed Pods Frameworks */,
			);
			buildRules = (
			);
			dependencies = (
			);
			name = "Unscramble It!";
			productName = "Unscramble It!";
			productReference = 1105871A2424338E0005B62D /* Unscramble It!.app */;
			productType = "com.apple.product-type.application";
		};
		11058732242433900005B62D /* Unscramble It!Tests */ = {
			isa = PBXNativeTarget;
			buildConfigurationList = 1105874A242433910005B62D /* Build configuration list for PBXNativeTarget "Unscramble It!Tests" */;
			buildPhases = (
				DFADA442BDCD493697DF19F6 /* [CP] Check Pods Manifest.lock */,
				1105872F242433900005B62D /* Sources */,
				11058730242433900005B62D /* Frameworks */,
				11058731242433900005B62D /* Resources */,
			);
			buildRules = (
			);
			dependencies = (
				11058735242433900005B62D /* PBXTargetDependency */,
			);
			name = "Unscramble It!Tests";
			productName = "Unscramble It!Tests";
			productReference = 11058733242433900005B62D /* Unscramble It!Tests.xctest */;
			productType = "com.apple.product-type.bundle.unit-test";
		};
		1105873D242433910005B62D /* Unscramble It!UITests */ = {
			isa = PBXNativeTarget;
			buildConfigurationList = 1105874D242433910005B62D /* Build configuration list for PBXNativeTarget "Unscramble It!UITests" */;
			buildPhases = (
				D60F0BF0CF587D64F0478DED /* [CP] Check Pods Manifest.lock */,
				1105873A242433910005B62D /* Sources */,
				1105873B242433910005B62D /* Frameworks */,
				1105873C242433910005B62D /* Resources */,
				AAEEBEB3C0664E15ADFDD7AD /* [CP] Embed Pods Frameworks */,
			);
			buildRules = (
			);
			dependencies = (
				11058740242433910005B62D /* PBXTargetDependency */,
			);
			name = "Unscramble It!UITests";
			productName = "Unscramble It!UITests";
			productReference = 1105873E242433910005B62D /* Unscramble It!UITests.xctest */;
			productType = "com.apple.product-type.bundle.ui-testing";
		};
/* End PBXNativeTarget section */

/* Begin PBXProject section */
		110587122424338E0005B62D /* Project object */ = {
			isa = PBXProject;
			attributes = {
				LastSwiftUpdateCheck = 1130;
				LastUpgradeCheck = 1130;
				ORGANIZATIONNAME = "Hall Inc.";
				TargetAttributes = {
					110587192424338E0005B62D = {
						CreatedOnToolsVersion = 11.3;
					};
					11058732242433900005B62D = {
						CreatedOnToolsVersion = 11.3;
						TestTargetID = 110587192424338E0005B62D;
					};
					1105873D242433910005B62D = {
						CreatedOnToolsVersion = 11.3;
						TestTargetID = 110587192424338E0005B62D;
					};
				};
			};
			buildConfigurationList = 110587152424338E0005B62D /* Build configuration list for PBXProject "Unscramble It!" */;
			compatibilityVersion = "Xcode 9.3";
			developmentRegion = en;
			hasScannedForEncodings = 0;
			knownRegions = (
				en,
				Base,
			);
			mainGroup = 110587112424338E0005B62D;
			productRefGroup = 1105871B2424338E0005B62D /* Products */;
			projectDirPath = "";
			projectRoot = "";
			targets = (
				110587192424338E0005B62D /* Unscramble It! */,
				11058732242433900005B62D /* Unscramble It!Tests */,
				1105873D242433910005B62D /* Unscramble It!UITests */,
			);
		};
/* End PBXProject section */

/* Begin PBXResourcesBuildPhase section */
		110587182424338E0005B62D /* Resources */ = {
			isa = PBXResourcesBuildPhase;
			buildActionMask = 2147483647;
			files = (
				1105872D242433900005B62D /* LaunchScreen.storyboard in Resources */,
				11D793C32428822A00435B54 /* Common_Words.txt in Resources */,
				11820E1B246E4C8000497D90 /* GoogleService-Info.plist in Resources */,
				1105872A242433900005B62D /* Assets.xcassets in Resources */,
				110587252424338E0005B62D /* Main.storyboard in Resources */,
				11D793C42428822A00435B54 /* Nature.txt in Resources */,
				11D793C52428822A00435B54 /* Space.txt in Resources */,
				11D793C72428822A00435B54 /* Adjectives.txt in Resources */,
				11D793C62428822A00435B54 /* Countries.txt in Resources */,
			);
			runOnlyForDeploymentPostprocessing = 0;
		};
		11058731242433900005B62D /* Resources */ = {
			isa = PBXResourcesBuildPhase;
			buildActionMask = 2147483647;
			files = (
			);
			runOnlyForDeploymentPostprocessing = 0;
		};
		1105873C242433910005B62D /* Resources */ = {
			isa = PBXResourcesBuildPhase;
			buildActionMask = 2147483647;
			files = (
			);
			runOnlyForDeploymentPostprocessing = 0;
		};
/* End PBXResourcesBuildPhase section */

/* Begin PBXShellScriptBuildPhase section */
		09717B34AE71B17152B3AACC /* [CP] Embed Pods Frameworks */ = {
			isa = PBXShellScriptBuildPhase;
			buildActionMask = 2147483647;
			files = (
			);
			inputFileListPaths = (
				"${PODS_ROOT}/Target Support Files/Pods-Unscramble It!/Pods-Unscramble It!-frameworks-${CONFIGURATION}-input-files.xcfilelist",
			);
			name = "[CP] Embed Pods Frameworks";
			outputFileListPaths = (
				"${PODS_ROOT}/Target Support Files/Pods-Unscramble It!/Pods-Unscramble It!-frameworks-${CONFIGURATION}-output-files.xcfilelist",
			);
			runOnlyForDeploymentPostprocessing = 0;
			shellPath = /bin/sh;
			shellScript = "\"${PODS_ROOT}/Target Support Files/Pods-Unscramble It!/Pods-Unscramble It!-frameworks.sh\"\n";
			showEnvVarsInLog = 0;
		};
		AAEEBEB3C0664E15ADFDD7AD /* [CP] Embed Pods Frameworks */ = {
			isa = PBXShellScriptBuildPhase;
			buildActionMask = 2147483647;
			files = (
			);
			inputFileListPaths = (
				"${PODS_ROOT}/Target Support Files/Pods-Unscramble It!-Unscramble It!UITests/Pods-Unscramble It!-Unscramble It!UITests-frameworks-${CONFIGURATION}-input-files.xcfilelist",
			);
			name = "[CP] Embed Pods Frameworks";
			outputFileListPaths = (
				"${PODS_ROOT}/Target Support Files/Pods-Unscramble It!-Unscramble It!UITests/Pods-Unscramble It!-Unscramble It!UITests-frameworks-${CONFIGURATION}-output-files.xcfilelist",
			);
			runOnlyForDeploymentPostprocessing = 0;
			shellPath = /bin/sh;
			shellScript = "\"${PODS_ROOT}/Target Support Files/Pods-Unscramble It!-Unscramble It!UITests/Pods-Unscramble It!-Unscramble It!UITests-frameworks.sh\"\n";
			showEnvVarsInLog = 0;
		};
		D60F0BF0CF587D64F0478DED /* [CP] Check Pods Manifest.lock */ = {
			isa = PBXShellScriptBuildPhase;
			buildActionMask = 2147483647;
			files = (
			);
			inputFileListPaths = (
			);
			inputPaths = (
				"${PODS_PODFILE_DIR_PATH}/Podfile.lock",
				"${PODS_ROOT}/Manifest.lock",
			);
			name = "[CP] Check Pods Manifest.lock";
			outputFileListPaths = (
			);
			outputPaths = (
				"$(DERIVED_FILE_DIR)/Pods-Unscramble It!-Unscramble It!UITests-checkManifestLockResult.txt",
			);
			runOnlyForDeploymentPostprocessing = 0;
			shellPath = /bin/sh;
			shellScript = "diff \"${PODS_PODFILE_DIR_PATH}/Podfile.lock\" \"${PODS_ROOT}/Manifest.lock\" > /dev/null\nif [ $? != 0 ] ; then\n    # print error to STDERR\n    echo \"error: The sandbox is not in sync with the Podfile.lock. Run 'pod install' or update your CocoaPods installation.\" >&2\n    exit 1\nfi\n# This output is used by Xcode 'outputs' to avoid re-running this script phase.\necho \"SUCCESS\" > \"${SCRIPT_OUTPUT_FILE_0}\"\n";
			showEnvVarsInLog = 0;
		};
		DB299A8CFB1C6ABE88F8F778 /* [CP] Check Pods Manifest.lock */ = {
			isa = PBXShellScriptBuildPhase;
			buildActionMask = 2147483647;
			files = (
			);
			inputFileListPaths = (
			);
			inputPaths = (
				"${PODS_PODFILE_DIR_PATH}/Podfile.lock",
				"${PODS_ROOT}/Manifest.lock",
			);
			name = "[CP] Check Pods Manifest.lock";
			outputFileListPaths = (
			);
			outputPaths = (
				"$(DERIVED_FILE_DIR)/Pods-Unscramble It!-checkManifestLockResult.txt",
			);
			runOnlyForDeploymentPostprocessing = 0;
			shellPath = /bin/sh;
			shellScript = "diff \"${PODS_PODFILE_DIR_PATH}/Podfile.lock\" \"${PODS_ROOT}/Manifest.lock\" > /dev/null\nif [ $? != 0 ] ; then\n    # print error to STDERR\n    echo \"error: The sandbox is not in sync with the Podfile.lock. Run 'pod install' or update your CocoaPods installation.\" >&2\n    exit 1\nfi\n# This output is used by Xcode 'outputs' to avoid re-running this script phase.\necho \"SUCCESS\" > \"${SCRIPT_OUTPUT_FILE_0}\"\n";
			showEnvVarsInLog = 0;
		};
		DFADA442BDCD493697DF19F6 /* [CP] Check Pods Manifest.lock */ = {
			isa = PBXShellScriptBuildPhase;
			buildActionMask = 2147483647;
			files = (
			);
			inputFileListPaths = (
			);
			inputPaths = (
				"${PODS_PODFILE_DIR_PATH}/Podfile.lock",
				"${PODS_ROOT}/Manifest.lock",
			);
			name = "[CP] Check Pods Manifest.lock";
			outputFileListPaths = (
			);
			outputPaths = (
				"$(DERIVED_FILE_DIR)/Pods-Unscramble It!Tests-checkManifestLockResult.txt",
			);
			runOnlyForDeploymentPostprocessing = 0;
			shellPath = /bin/sh;
			shellScript = "diff \"${PODS_PODFILE_DIR_PATH}/Podfile.lock\" \"${PODS_ROOT}/Manifest.lock\" > /dev/null\nif [ $? != 0 ] ; then\n    # print error to STDERR\n    echo \"error: The sandbox is not in sync with the Podfile.lock. Run 'pod install' or update your CocoaPods installation.\" >&2\n    exit 1\nfi\n# This output is used by Xcode 'outputs' to avoid re-running this script phase.\necho \"SUCCESS\" > \"${SCRIPT_OUTPUT_FILE_0}\"\n";
			showEnvVarsInLog = 0;
		};
/* End PBXShellScriptBuildPhase section */

/* Begin PBXSourcesBuildPhase section */
		110587162424338E0005B62D /* Sources */ = {
			isa = PBXSourcesBuildPhase;
			buildActionMask = 2147483647;
			files = (
				118D74C6242C7048007DB21E /* CategoryViewController.swift in Sources */,
				110587222424338E0005B62D /* StartViewController.swift in Sources */,
				1105871E2424338E0005B62D /* AppDelegate.swift in Sources */,
				110587282424338E0005B62D /* Unscramble_It_.xcdatamodeld in Sources */,
				11343DBB2470584900748375 /* GameViewController.swift in Sources */,
				110587202424338E0005B62D /* SceneDelegate.swift in Sources */,
			);
			runOnlyForDeploymentPostprocessing = 0;
		};
		1105872F242433900005B62D /* Sources */ = {
			isa = PBXSourcesBuildPhase;
			buildActionMask = 2147483647;
			files = (
				11058738242433900005B62D /* Unscramble_It_Tests.swift in Sources */,
			);
			runOnlyForDeploymentPostprocessing = 0;
		};
		1105873A242433910005B62D /* Sources */ = {
			isa = PBXSourcesBuildPhase;
			buildActionMask = 2147483647;
			files = (
				11058743242433910005B62D /* Unscramble_It_UITests.swift in Sources */,
			);
			runOnlyForDeploymentPostprocessing = 0;
		};
/* End PBXSourcesBuildPhase section */

/* Begin PBXTargetDependency section */
		11058735242433900005B62D /* PBXTargetDependency */ = {
			isa = PBXTargetDependency;
			target = 110587192424338E0005B62D /* Unscramble It! */;
			targetProxy = 11058734242433900005B62D /* PBXContainerItemProxy */;
		};
		11058740242433910005B62D /* PBXTargetDependency */ = {
			isa = PBXTargetDependency;
			target = 110587192424338E0005B62D /* Unscramble It! */;
			targetProxy = 1105873F242433910005B62D /* PBXContainerItemProxy */;
		};
/* End PBXTargetDependency section */

/* Begin PBXVariantGroup section */
		110587232424338E0005B62D /* Main.storyboard */ = {
			isa = PBXVariantGroup;
			children = (
				110587242424338E0005B62D /* Base */,
			);
			name = Main.storyboard;
			sourceTree = "<group>";
		};
		1105872B242433900005B62D /* LaunchScreen.storyboard */ = {
			isa = PBXVariantGroup;
			children = (
				1105872C242433900005B62D /* Base */,
			);
			name = LaunchScreen.storyboard;
			sourceTree = "<group>";
		};
/* End PBXVariantGroup section */

/* Begin XCBuildConfiguration section */
		11058745242433910005B62D /* Debug */ = {
			isa = XCBuildConfiguration;
			buildSettings = {
				ALWAYS_SEARCH_USER_PATHS = NO;
				CLANG_ANALYZER_NONNULL = YES;
				CLANG_ANALYZER_NUMBER_OBJECT_CONVERSION = YES_AGGRESSIVE;
				CLANG_CXX_LANGUAGE_STANDARD = "gnu++14";
				CLANG_CXX_LIBRARY = "libc++";
				CLANG_ENABLE_MODULES = YES;
				CLANG_ENABLE_OBJC_ARC = YES;
				CLANG_ENABLE_OBJC_WEAK = YES;
				CLANG_WARN_BLOCK_CAPTURE_AUTORELEASING = YES;
				CLANG_WARN_BOOL_CONVERSION = YES;
				CLANG_WARN_COMMA = YES;
				CLANG_WARN_CONSTANT_CONVERSION = YES;
				CLANG_WARN_DEPRECATED_OBJC_IMPLEMENTATIONS = YES;
				CLANG_WARN_DIRECT_OBJC_ISA_USAGE = YES_ERROR;
				CLANG_WARN_DOCUMENTATION_COMMENTS = YES;
				CLANG_WARN_EMPTY_BODY = YES;
				CLANG_WARN_ENUM_CONVERSION = YES;
				CLANG_WARN_INFINITE_RECURSION = YES;
				CLANG_WARN_INT_CONVERSION = YES;
				CLANG_WARN_NON_LITERAL_NULL_CONVERSION = YES;
				CLANG_WARN_OBJC_IMPLICIT_RETAIN_SELF = YES;
				CLANG_WARN_OBJC_LITERAL_CONVERSION = YES;
				CLANG_WARN_OBJC_ROOT_CLASS = YES_ERROR;
				CLANG_WARN_RANGE_LOOP_ANALYSIS = YES;
				CLANG_WARN_STRICT_PROTOTYPES = YES;
				CLANG_WARN_SUSPICIOUS_MOVE = YES;
				CLANG_WARN_UNGUARDED_AVAILABILITY = YES_AGGRESSIVE;
				CLANG_WARN_UNREACHABLE_CODE = YES;
				CLANG_WARN__DUPLICATE_METHOD_MATCH = YES;
				COPY_PHASE_STRIP = NO;
				DEBUG_INFORMATION_FORMAT = dwarf;
				ENABLE_STRICT_OBJC_MSGSEND = YES;
				ENABLE_TESTABILITY = YES;
				GCC_C_LANGUAGE_STANDARD = gnu11;
				GCC_DYNAMIC_NO_PIC = NO;
				GCC_NO_COMMON_BLOCKS = YES;
				GCC_OPTIMIZATION_LEVEL = 0;
				GCC_PREPROCESSOR_DEFINITIONS = (
					"DEBUG=1",
					"$(inherited)",
				);
				GCC_WARN_64_TO_32_BIT_CONVERSION = YES;
				GCC_WARN_ABOUT_RETURN_TYPE = YES_ERROR;
				GCC_WARN_UNDECLARED_SELECTOR = YES;
				GCC_WARN_UNINITIALIZED_AUTOS = YES_AGGRESSIVE;
				GCC_WARN_UNUSED_FUNCTION = YES;
				GCC_WARN_UNUSED_VARIABLE = YES;
				IPHONEOS_DEPLOYMENT_TARGET = 13.2;
				MTL_ENABLE_DEBUG_INFO = INCLUDE_SOURCE;
				MTL_FAST_MATH = YES;
				ONLY_ACTIVE_ARCH = YES;
				SDKROOT = iphoneos;
				SWIFT_ACTIVE_COMPILATION_CONDITIONS = DEBUG;
				SWIFT_OPTIMIZATION_LEVEL = "-Onone";
			};
			name = Debug;
		};
		11058746242433910005B62D /* Release */ = {
			isa = XCBuildConfiguration;
			buildSettings = {
				ALWAYS_SEARCH_USER_PATHS = NO;
				CLANG_ANALYZER_NONNULL = YES;
				CLANG_ANALYZER_NUMBER_OBJECT_CONVERSION = YES_AGGRESSIVE;
				CLANG_CXX_LANGUAGE_STANDARD = "gnu++14";
				CLANG_CXX_LIBRARY = "libc++";
				CLANG_ENABLE_MODULES = YES;
				CLANG_ENABLE_OBJC_ARC = YES;
				CLANG_ENABLE_OBJC_WEAK = YES;
				CLANG_WARN_BLOCK_CAPTURE_AUTORELEASING = YES;
				CLANG_WARN_BOOL_CONVERSION = YES;
				CLANG_WARN_COMMA = YES;
				CLANG_WARN_CONSTANT_CONVERSION = YES;
				CLANG_WARN_DEPRECATED_OBJC_IMPLEMENTATIONS = YES;
				CLANG_WARN_DIRECT_OBJC_ISA_USAGE = YES_ERROR;
				CLANG_WARN_DOCUMENTATION_COMMENTS = YES;
				CLANG_WARN_EMPTY_BODY = YES;
				CLANG_WARN_ENUM_CONVERSION = YES;
				CLANG_WARN_INFINITE_RECURSION = YES;
				CLANG_WARN_INT_CONVERSION = YES;
				CLANG_WARN_NON_LITERAL_NULL_CONVERSION = YES;
				CLANG_WARN_OBJC_IMPLICIT_RETAIN_SELF = YES;
				CLANG_WARN_OBJC_LITERAL_CONVERSION = YES;
				CLANG_WARN_OBJC_ROOT_CLASS = YES_ERROR;
				CLANG_WARN_RANGE_LOOP_ANALYSIS = YES;
				CLANG_WARN_STRICT_PROTOTYPES = YES;
				CLANG_WARN_SUSPICIOUS_MOVE = YES;
				CLANG_WARN_UNGUARDED_AVAILABILITY = YES_AGGRESSIVE;
				CLANG_WARN_UNREACHABLE_CODE = YES;
				CLANG_WARN__DUPLICATE_METHOD_MATCH = YES;
				COPY_PHASE_STRIP = NO;
				DEBUG_INFORMATION_FORMAT = "dwarf-with-dsym";
				ENABLE_NS_ASSERTIONS = NO;
				ENABLE_STRICT_OBJC_MSGSEND = YES;
				GCC_C_LANGUAGE_STANDARD = gnu11;
				GCC_NO_COMMON_BLOCKS = YES;
				GCC_WARN_64_TO_32_BIT_CONVERSION = YES;
				GCC_WARN_ABOUT_RETURN_TYPE = YES_ERROR;
				GCC_WARN_UNDECLARED_SELECTOR = YES;
				GCC_WARN_UNINITIALIZED_AUTOS = YES_AGGRESSIVE;
				GCC_WARN_UNUSED_FUNCTION = YES;
				GCC_WARN_UNUSED_VARIABLE = YES;
				IPHONEOS_DEPLOYMENT_TARGET = 13.2;
				MTL_ENABLE_DEBUG_INFO = NO;
				MTL_FAST_MATH = YES;
				SDKROOT = iphoneos;
				SWIFT_COMPILATION_MODE = wholemodule;
				SWIFT_OPTIMIZATION_LEVEL = "-O";
				VALIDATE_PRODUCT = YES;
			};
			name = Release;
		};
		11058748242433910005B62D /* Debug */ = {
			isa = XCBuildConfiguration;
			baseConfigurationReference = BE9FF1DF226AD9A143E1CD52 /* Pods-Unscramble It!.debug.xcconfig */;
			buildSettings = {
				ASSETCATALOG_COMPILER_APPICON_NAME = AppIcon;
				CODE_SIGN_STYLE = Automatic;
				DEVELOPMENT_TEAM = PFCM63NH3Y;
				FRAMEWORK_SEARCH_PATHS = (
					"$(PROJECT_DIR)",
					"$(inherited)",
				);
				INFOPLIST_FILE = "Unscramble It!/Info.plist";
				IPHONEOS_DEPLOYMENT_TARGET = 13.0;
				LD_RUNPATH_SEARCH_PATHS = (
					"$(inherited)",
					"@executable_path/Frameworks",
				);
				PRODUCT_BUNDLE_IDENTIFIER = "com.alexanderhallcs.Unscramble-It";
				PRODUCT_NAME = "$(TARGET_NAME)";
				SWIFT_VERSION = 5.0;
				TARGETED_DEVICE_FAMILY = "1,2";
			};
			name = Debug;
		};
		11058749242433910005B62D /* Release */ = {
			isa = XCBuildConfiguration;
			baseConfigurationReference = C8C6B7DB19B41F68C3A1946B /* Pods-Unscramble It!.release.xcconfig */;
			buildSettings = {
				ASSETCATALOG_COMPILER_APPICON_NAME = AppIcon;
				CODE_SIGN_STYLE = Automatic;
				DEVELOPMENT_TEAM = PFCM63NH3Y;
				FRAMEWORK_SEARCH_PATHS = (
					"$(inherited)",
					"$(PROJECT_DIR)",
				);
				INFOPLIST_FILE = "Unscramble It!/Info.plist";
				IPHONEOS_DEPLOYMENT_TARGET = 13.0;
				LD_RUNPATH_SEARCH_PATHS = (
					"$(inherited)",
					"@executable_path/Frameworks",
				);
				PRODUCT_BUNDLE_IDENTIFIER = "com.alexanderhallcs.Unscramble-It";
				PRODUCT_NAME = "$(TARGET_NAME)";
				SWIFT_VERSION = 5.0;
				TARGETED_DEVICE_FAMILY = "1,2";
			};
			name = Release;
		};
		1105874B242433910005B62D /* Debug */ = {
			isa = XCBuildConfiguration;
			baseConfigurationReference = 0DE625961B95F47288B8B2D1 /* Pods-Unscramble It!Tests.debug.xcconfig */;
			buildSettings = {
				ALWAYS_EMBED_SWIFT_STANDARD_LIBRARIES = YES;
				BUNDLE_LOADER = "$(TEST_HOST)";
				CODE_SIGN_STYLE = Automatic;
				DEVELOPMENT_TEAM = PFCM63NH3Y;
				INFOPLIST_FILE = "Unscramble It!Tests/Info.plist";
				IPHONEOS_DEPLOYMENT_TARGET = 13.2;
				LD_RUNPATH_SEARCH_PATHS = (
					"$(inherited)",
					"@executable_path/Frameworks",
					"@loader_path/Frameworks",
				);
				PRODUCT_BUNDLE_IDENTIFIER = "com.alexanderhallcs.Unscramble-It-Tests";
				PRODUCT_NAME = "$(TARGET_NAME)";
				SWIFT_VERSION = 5.0;
				TARGETED_DEVICE_FAMILY = "1,2";
				TEST_HOST = "$(BUILT_PRODUCTS_DIR)/Unscramble It!.app/Unscramble It!";
			};
			name = Debug;
		};
		1105874C242433910005B62D /* Release */ = {
			isa = XCBuildConfiguration;
			baseConfigurationReference = 03F0ACCC701189D8C008B4CD /* Pods-Unscramble It!Tests.release.xcconfig */;
			buildSettings = {
				ALWAYS_EMBED_SWIFT_STANDARD_LIBRARIES = YES;
				BUNDLE_LOADER = "$(TEST_HOST)";
				CODE_SIGN_STYLE = Automatic;
				DEVELOPMENT_TEAM = PFCM63NH3Y;
				INFOPLIST_FILE = "Unscramble It!Tests/Info.plist";
				IPHONEOS_DEPLOYMENT_TARGET = 13.2;
				LD_RUNPATH_SEARCH_PATHS = (
					"$(inherited)",
					"@executable_path/Frameworks",
					"@loader_path/Frameworks",
				);
				PRODUCT_BUNDLE_IDENTIFIER = "com.alexanderhallcs.Unscramble-It-Tests";
				PRODUCT_NAME = "$(TARGET_NAME)";
				SWIFT_VERSION = 5.0;
				TARGETED_DEVICE_FAMILY = "1,2";
				TEST_HOST = "$(BUILT_PRODUCTS_DIR)/Unscramble It!.app/Unscramble It!";
			};
			name = Release;
		};
		1105874E242433910005B62D /* Debug */ = {
			isa = XCBuildConfiguration;
			baseConfigurationReference = CD474C3474C8FC195BEDFBD3 /* Pods-Unscramble It!-Unscramble It!UITests.debug.xcconfig */;
			buildSettings = {
				ALWAYS_EMBED_SWIFT_STANDARD_LIBRARIES = YES;
				CODE_SIGN_STYLE = Automatic;
				DEVELOPMENT_TEAM = PFCM63NH3Y;
				INFOPLIST_FILE = "Unscramble It!UITests/Info.plist";
				LD_RUNPATH_SEARCH_PATHS = (
					"$(inherited)",
					"@executable_path/Frameworks",
					"@loader_path/Frameworks",
				);
				PRODUCT_BUNDLE_IDENTIFIER = "com.alexanderhallcs.Unscramble-It-UITests";
				PRODUCT_NAME = "$(TARGET_NAME)";
				SWIFT_VERSION = 5.0;
				TARGETED_DEVICE_FAMILY = "1,2";
				TEST_TARGET_NAME = "Unscramble It!";
			};
			name = Debug;
		};
		1105874F242433910005B62D /* Release */ = {
			isa = XCBuildConfiguration;
			baseConfigurationReference = 7FB422ED80A51D513A37F51B /* Pods-Unscramble It!-Unscramble It!UITests.release.xcconfig */;
			buildSettings = {
				ALWAYS_EMBED_SWIFT_STANDARD_LIBRARIES = YES;
				CODE_SIGN_STYLE = Automatic;
				DEVELOPMENT_TEAM = PFCM63NH3Y;
				INFOPLIST_FILE = "Unscramble It!UITests/Info.plist";
				LD_RUNPATH_SEARCH_PATHS = (
					"$(inherited)",
					"@executable_path/Frameworks",
					"@loader_path/Frameworks",
				);
				PRODUCT_BUNDLE_IDENTIFIER = "com.alexanderhallcs.Unscramble-It-UITests";
				PRODUCT_NAME = "$(TARGET_NAME)";
				SWIFT_VERSION = 5.0;
				TARGETED_DEVICE_FAMILY = "1,2";
				TEST_TARGET_NAME = "Unscramble It!";
			};
			name = Release;
		};
/* End XCBuildConfiguration section */

/* Begin XCConfigurationList section */
		110587152424338E0005B62D /* Build configuration list for PBXProject "Unscramble It!" */ = {
			isa = XCConfigurationList;
			buildConfigurations = (
				11058745242433910005B62D /* Debug */,
				11058746242433910005B62D /* Release */,
			);
			defaultConfigurationIsVisible = 0;
			defaultConfigurationName = Release;
		};
		11058747242433910005B62D /* Build configuration list for PBXNativeTarget "Unscramble It!" */ = {
			isa = XCConfigurationList;
			buildConfigurations = (
				11058748242433910005B62D /* Debug */,
				11058749242433910005B62D /* Release */,
			);
			defaultConfigurationIsVisible = 0;
			defaultConfigurationName = Release;
		};
		1105874A242433910005B62D /* Build configuration list for PBXNativeTarget "Unscramble It!Tests" */ = {
			isa = XCConfigurationList;
			buildConfigurations = (
				1105874B242433910005B62D /* Debug */,
				1105874C242433910005B62D /* Release */,
			);
			defaultConfigurationIsVisible = 0;
			defaultConfigurationName = Release;
		};
		1105874D242433910005B62D /* Build configuration list for PBXNativeTarget "Unscramble It!UITests" */ = {
			isa = XCConfigurationList;
			buildConfigurations = (
				1105874E242433910005B62D /* Debug */,
				1105874F242433910005B62D /* Release */,
			);
			defaultConfigurationIsVisible = 0;
			defaultConfigurationName = Release;
		};
/* End XCConfigurationList section */

/* Begin XCVersionGroup section */
		110587262424338E0005B62D /* Unscramble_It_.xcdatamodeld */ = {
			isa = XCVersionGroup;
			children = (
				110587272424338E0005B62D /* Unscramble_It_.xcdatamodel */,
			);
			currentVersion = 110587272424338E0005B62D /* Unscramble_It_.xcdatamodel */;
			path = Unscramble_It_.xcdatamodeld;
			sourceTree = "<group>";
			versionGroupType = wrapper.xcdatamodel;
		};
/* End XCVersionGroup section */
	};
	rootObject = 110587122424338E0005B62D /* Project object */;
}
