// !$*UTF8*$!
{
	archiveVersion = 1;
	classes = {
	};
	objectVersion = 51;
	objects = {

/* Begin PBXBuildFile section */
		1105871E2424338E0005B62D /* AppDelegate.swift in Sources */ = {isa = PBXBuildFile; fileRef = 1105871D2424338E0005B62D /* AppDelegate.swift */; };
		110587202424338E0005B62D /* SceneDelegate.swift in Sources */ = {isa = PBXBuildFile; fileRef = 1105871F2424338E0005B62D /* SceneDelegate.swift */; };
		110587222424338E0005B62D /* StartViewController.swift in Sources */ = {isa = PBXBuildFile; fileRef = 110587212424338E0005B62D /* StartViewController.swift */; };
		110587252424338E0005B62D /* Main.storyboard in Resources */ = {isa = PBXBuildFile; fileRef = 110587232424338E0005B62D /* Main.storyboard */; };
		1105872A242433900005B62D /* Assets.xcassets in Resources */ = {isa = PBXBuildFile; fileRef = 11058729242433900005B62D /* Assets.xcassets */; };
		1105872D242433900005B62D /* LaunchScreen.storyboard in Resources */ = {isa = PBXBuildFile; fileRef = 1105872B242433900005B62D /* LaunchScreen.storyboard */; };
		11058738242433900005B62D /* Unscramble_It_Tests.swift in Sources */ = {isa = PBXBuildFile; fileRef = 11058737242433900005B62D /* Unscramble_It_Tests.swift */; };
		11058743242433910005B62D /* Unscramble_It_UITests.swift in Sources */ = {isa = PBXBuildFile; fileRef = 11058742242433910005B62D /* Unscramble_It_UITests.swift */; };
		111A7EAE24763D07006CF80D /* Game.swift in Sources */ = {isa = PBXBuildFile; fileRef = 111A7EAD24763D07006CF80D /* Game.swift */; };
		11343DBB2470584900748375 /* GameViewController.swift in Sources */ = {isa = PBXBuildFile; fileRef = 11343DBA2470584900748375 /* GameViewController.swift */; };
		113FBE6A249D5F7500DBAE55 /* GameOverViewController.swift in Sources */ = {isa = PBXBuildFile; fileRef = 113FBE69249D5F7500DBAE55 /* GameOverViewController.swift */; };
		118D74C6242C7048007DB21E /* CategoryViewController.swift in Sources */ = {isa = PBXBuildFile; fileRef = 118D74C5242C7048007DB21E /* CategoryViewController.swift */; };
		1191C5012478E25A00F38E9C /* Constants.swift in Sources */ = {isa = PBXBuildFile; fileRef = 1191C5002478E25A00F38E9C /* Constants.swift */; };
		11A022B22481F5E600D49FFB /* GoogleService-Info.plist in Resources */ = {isa = PBXBuildFile; fileRef = 11A022B12481F5E600D49FFB /* GoogleService-Info.plist */; };
		11A9F3FD247A6BBD0093E699 /* PauseViewController.swift in Sources */ = {isa = PBXBuildFile; fileRef = 11A9F3FC247A6BBD0093E699 /* PauseViewController.swift */; };
		11D793C32428822A00435B54 /* Common_Words.txt in Resources */ = {isa = PBXBuildFile; fileRef = 11D793BE2428822A00435B54 /* Common_Words.txt */; };
		11D793C42428822A00435B54 /* Nature.txt in Resources */ = {isa = PBXBuildFile; fileRef = 11D793BF2428822A00435B54 /* Nature.txt */; };
		11D793C52428822A00435B54 /* Space.txt in Resources */ = {isa = PBXBuildFile; fileRef = 11D793C02428822A00435B54 /* Space.txt */; };
		11D793C62428822A00435B54 /* Countries.txt in Resources */ = {isa = PBXBuildFile; fileRef = 11D793C12428822A00435B54 /* Countries.txt */; };
		11D793C72428822A00435B54 /* Adjectives.txt in Resources */ = {isa = PBXBuildFile; fileRef = 11D793C22428822A00435B54 /* Adjectives.txt */; };
		590803FCF92C03C33ED310BB /* Pods_Unscramble_Jumble_Tests.framework in Frameworks */ = {isa = PBXBuildFile; fileRef = D0862E7F9D3464E71480FFBD /* Pods_Unscramble_Jumble_Tests.framework */; };
		6EF654B1CD743F58749F694A /* Pods_Unscramble_Jumble__Unscramble_Jumble_UITests.framework in Frameworks */ = {isa = PBXBuildFile; fileRef = AF8D8C68B8B54DD4B18EBF0E /* Pods_Unscramble_Jumble__Unscramble_Jumble_UITests.framework */; };
		B58425082A11C346D5F98882 /* Pods_Unscramble_Jumble_.framework in Frameworks */ = {isa = PBXBuildFile; fileRef = 41D3F17EE563DACE510D17BC /* Pods_Unscramble_Jumble_.framework */; };
/* End PBXBuildFile section */

/* Begin PBXContainerItemProxy section */
		11058734242433900005B62D /* PBXContainerItemProxy */ = {
			isa = PBXContainerItemProxy;
			containerPortal = 110587122424338E0005B62D /* Project object */;
			proxyType = 1;
			remoteGlobalIDString = 110587192424338E0005B62D;
			remoteInfo = "Unscramble It!";
		};
		1105873F242433910005B62D /* PBXContainerItemProxy */ = {
			isa = PBXContainerItemProxy;
			containerPortal = 110587122424338E0005B62D /* Project object */;
			proxyType = 1;
			remoteGlobalIDString = 110587192424338E0005B62D;
			remoteInfo = "Unscramble It!";
		};
/* End PBXContainerItemProxy section */

/* Begin PBXFileReference section */
		1105871A2424338E0005B62D /* Unscramble Jumble!.app */ = {isa = PBXFileReference; explicitFileType = wrapper.application; includeInIndex = 0; path = "Unscramble Jumble!.app"; sourceTree = BUILT_PRODUCTS_DIR; };
		1105871D2424338E0005B62D /* AppDelegate.swift */ = {isa = PBXFileReference; lastKnownFileType = sourcecode.swift; path = AppDelegate.swift; sourceTree = "<group>"; };
		1105871F2424338E0005B62D /* SceneDelegate.swift */ = {isa = PBXFileReference; lastKnownFileType = sourcecode.swift; path = SceneDelegate.swift; sourceTree = "<group>"; };
		110587212424338E0005B62D /* StartViewController.swift */ = {isa = PBXFileReference; lastKnownFileType = sourcecode.swift; path = StartViewController.swift; sourceTree = "<group>"; };
		110587242424338E0005B62D /* Base */ = {isa = PBXFileReference; lastKnownFileType = file.storyboard; name = Base; path = Base.lproj/Main.storyboard; sourceTree = "<group>"; };
		11058729242433900005B62D /* Assets.xcassets */ = {isa = PBXFileReference; lastKnownFileType = folder.assetcatalog; path = Assets.xcassets; sourceTree = "<group>"; };
		1105872C242433900005B62D /* Base */ = {isa = PBXFileReference; lastKnownFileType = file.storyboard; name = Base; path = Base.lproj/LaunchScreen.storyboard; sourceTree = "<group>"; };
		1105872E242433900005B62D /* Info.plist */ = {isa = PBXFileReference; lastKnownFileType = text.plist.xml; path = Info.plist; sourceTree = "<group>"; };
		11058733242433900005B62D /* Unscramble Jumble!Tests.xctest */ = {isa = PBXFileReference; explicitFileType = wrapper.cfbundle; includeInIndex = 0; path = "Unscramble Jumble!Tests.xctest"; sourceTree = BUILT_PRODUCTS_DIR; };
		11058737242433900005B62D /* Unscramble_It_Tests.swift */ = {isa = PBXFileReference; lastKnownFileType = sourcecode.swift; path = Unscramble_It_Tests.swift; sourceTree = "<group>"; };
		11058739242433900005B62D /* Info.plist */ = {isa = PBXFileReference; lastKnownFileType = text.plist.xml; path = Info.plist; sourceTree = "<group>"; };
		1105873E242433910005B62D /* Unscramble Jumble!UITests.xctest */ = {isa = PBXFileReference; explicitFileType = wrapper.cfbundle; includeInIndex = 0; path = "Unscramble Jumble!UITests.xctest"; sourceTree = BUILT_PRODUCTS_DIR; };
		11058742242433910005B62D /* Unscramble_It_UITests.swift */ = {isa = PBXFileReference; lastKnownFileType = sourcecode.swift; path = Unscramble_It_UITests.swift; sourceTree = "<group>"; };
		11058744242433910005B62D /* Info.plist */ = {isa = PBXFileReference; lastKnownFileType = text.plist.xml; path = Info.plist; sourceTree = "<group>"; };
		111A7EAD24763D07006CF80D /* Game.swift */ = {isa = PBXFileReference; lastKnownFileType = sourcecode.swift; path = Game.swift; sourceTree = "<group>"; };
		11343DBA2470584900748375 /* GameViewController.swift */ = {isa = PBXFileReference; lastKnownFileType = sourcecode.swift; path = GameViewController.swift; sourceTree = "<group>"; };
		113FBE69249D5F7500DBAE55 /* GameOverViewController.swift */ = {isa = PBXFileReference; lastKnownFileType = sourcecode.swift; path = GameOverViewController.swift; sourceTree = "<group>"; };
		118D74C5242C7048007DB21E /* CategoryViewController.swift */ = {isa = PBXFileReference; lastKnownFileType = sourcecode.swift; path = CategoryViewController.swift; sourceTree = "<group>"; };
		1191C5002478E25A00F38E9C /* Constants.swift */ = {isa = PBXFileReference; lastKnownFileType = sourcecode.swift; path = Constants.swift; sourceTree = "<group>"; };
		11A022B12481F5E600D49FFB /* GoogleService-Info.plist */ = {isa = PBXFileReference; fileEncoding = 4; lastKnownFileType = text.plist.xml; path = "GoogleService-Info.plist"; sourceTree = "<group>"; };
		11A9F3FC247A6BBD0093E699 /* PauseViewController.swift */ = {isa = PBXFileReference; lastKnownFileType = sourcecode.swift; path = PauseViewController.swift; sourceTree = "<group>"; };
		11D793BE2428822A00435B54 /* Common_Words.txt */ = {isa = PBXFileReference; fileEncoding = 4; lastKnownFileType = text; path = Common_Words.txt; sourceTree = "<group>"; };
		11D793BF2428822A00435B54 /* Nature.txt */ = {isa = PBXFileReference; fileEncoding = 4; lastKnownFileType = text; path = Nature.txt; sourceTree = "<group>"; };
		11D793C02428822A00435B54 /* Space.txt */ = {isa = PBXFileReference; fileEncoding = 4; lastKnownFileType = text; path = Space.txt; sourceTree = "<group>"; };
		11D793C12428822A00435B54 /* Countries.txt */ = {isa = PBXFileReference; fileEncoding = 4; lastKnownFileType = text; path = Countries.txt; sourceTree = "<group>"; };
		11D793C22428822A00435B54 /* Adjectives.txt */ = {isa = PBXFileReference; fileEncoding = 4; lastKnownFileType = text; path = Adjectives.txt; sourceTree = "<group>"; };
		41D3F17EE563DACE510D17BC /* Pods_Unscramble_Jumble_.framework */ = {isa = PBXFileReference; explicitFileType = wrapper.framework; includeInIndex = 0; path = Pods_Unscramble_Jumble_.framework; sourceTree = BUILT_PRODUCTS_DIR; };
		5D97C533391672E1166EFA58 /* Pods-Unscramble Jumble!-Unscramble Jumble!UITests.release.xcconfig */ = {isa = PBXFileReference; includeInIndex = 1; lastKnownFileType = text.xcconfig; name = "Pods-Unscramble Jumble!-Unscramble Jumble!UITests.release.xcconfig"; path = "Target Support Files/Pods-Unscramble Jumble!-Unscramble Jumble!UITests/Pods-Unscramble Jumble!-Unscramble Jumble!UITests.release.xcconfig"; sourceTree = "<group>"; };
		5E5890B221B1003535E6BBD5 /* Pods-Unscramble Jumble!Tests.debug.xcconfig */ = {isa = PBXFileReference; includeInIndex = 1; lastKnownFileType = text.xcconfig; name = "Pods-Unscramble Jumble!Tests.debug.xcconfig"; path = "Target Support Files/Pods-Unscramble Jumble!Tests/Pods-Unscramble Jumble!Tests.debug.xcconfig"; sourceTree = "<group>"; };
		691EE09F98E1E12534CB7D80 /* Pods-Unscramble Jumble!.debug.xcconfig */ = {isa = PBXFileReference; includeInIndex = 1; lastKnownFileType = text.xcconfig; name = "Pods-Unscramble Jumble!.debug.xcconfig"; path = "Target Support Files/Pods-Unscramble Jumble!/Pods-Unscramble Jumble!.debug.xcconfig"; sourceTree = "<group>"; };
		75DF4504FCB2D51155E75C87 /* Pods-Unscramble Jumble!-Unscramble Jumble!UITests.debug.xcconfig */ = {isa = PBXFileReference; includeInIndex = 1; lastKnownFileType = text.xcconfig; name = "Pods-Unscramble Jumble!-Unscramble Jumble!UITests.debug.xcconfig"; path = "Target Support Files/Pods-Unscramble Jumble!-Unscramble Jumble!UITests/Pods-Unscramble Jumble!-Unscramble Jumble!UITests.debug.xcconfig"; sourceTree = "<group>"; };
		AF8D8C68B8B54DD4B18EBF0E /* Pods_Unscramble_Jumble__Unscramble_Jumble_UITests.framework */ = {isa = PBXFileReference; explicitFileType = wrapper.framework; includeInIndex = 0; path = Pods_Unscramble_Jumble__Unscramble_Jumble_UITests.framework; sourceTree = BUILT_PRODUCTS_DIR; };
		D0862E7F9D3464E71480FFBD /* Pods_Unscramble_Jumble_Tests.framework */ = {isa = PBXFileReference; explicitFileType = wrapper.framework; includeInIndex = 0; path = Pods_Unscramble_Jumble_Tests.framework; sourceTree = BUILT_PRODUCTS_DIR; };
		D282ABFB0AC496FE64F22251 /* Pods-Unscramble Jumble!.release.xcconfig */ = {isa = PBXFileReference; includeInIndex = 1; lastKnownFileType = text.xcconfig; name = "Pods-Unscramble Jumble!.release.xcconfig"; path = "Target Support Files/Pods-Unscramble Jumble!/Pods-Unscramble Jumble!.release.xcconfig"; sourceTree = "<group>"; };
		DEB56FD209DBC4E50D659AE5 /* Pods-Unscramble Jumble!Tests.release.xcconfig */ = {isa = PBXFileReference; includeInIndex = 1; lastKnownFileType = text.xcconfig; name = "Pods-Unscramble Jumble!Tests.release.xcconfig"; path = "Target Support Files/Pods-Unscramble Jumble!Tests/Pods-Unscramble Jumble!Tests.release.xcconfig"; sourceTree = "<group>"; };
/* End PBXFileReference section */

/* Begin PBXFrameworksBuildPhase section */
		110587172424338E0005B62D /* Frameworks */ = {
			isa = PBXFrameworksBuildPhase;
			buildActionMask = 2147483647;
			files = (
				B58425082A11C346D5F98882 /* Pods_Unscramble_Jumble_.framework in Frameworks */,
			);
			runOnlyForDeploymentPostprocessing = 0;
		};
		11058730242433900005B62D /* Frameworks */ = {
			isa = PBXFrameworksBuildPhase;
			buildActionMask = 2147483647;
			files = (
				590803FCF92C03C33ED310BB /* Pods_Unscramble_Jumble_Tests.framework in Frameworks */,
			);
			runOnlyForDeploymentPostprocessing = 0;
		};
		1105873B242433910005B62D /* Frameworks */ = {
			isa = PBXFrameworksBuildPhase;
			buildActionMask = 2147483647;
			files = (
				6EF654B1CD743F58749F694A /* Pods_Unscramble_Jumble__Unscramble_Jumble_UITests.framework in Frameworks */,
			);
			runOnlyForDeploymentPostprocessing = 0;
		};
/* End PBXFrameworksBuildPhase section */

/* Begin PBXGroup section */
		110587112424338E0005B62D = {
			isa = PBXGroup;
			children = (
				1105871C2424338E0005B62D /* Unscramble Jumble! */,
				11058736242433900005B62D /* Unscramble Jumble!Tests */,
				11058741242433910005B62D /* Unscramble Jumble!UITests */,
				1105871B2424338E0005B62D /* Products */,
				FB797A47E0B8BE37B0A69770 /* Pods */,
				7A0D13E767F739ECF5F6019A /* Frameworks */,
			);
			sourceTree = "<group>";
		};
		1105871B2424338E0005B62D /* Products */ = {
			isa = PBXGroup;
			children = (
				1105871A2424338E0005B62D /* Unscramble Jumble!.app */,
				11058733242433900005B62D /* Unscramble Jumble!Tests.xctest */,
				1105873E242433910005B62D /* Unscramble Jumble!UITests.xctest */,
			);
			name = Products;
			sourceTree = "<group>";
		};
		1105871C2424338E0005B62D /* Unscramble Jumble! */ = {
			isa = PBXGroup;
			children = (
				11D793C82428823600435B54 /* Text File References */,
				11DAC5F72473835A00AF718C /* Supporting Files */,
				1191C5002478E25A00F38E9C /* Constants.swift */,
				110587212424338E0005B62D /* StartViewController.swift */,
				110587232424338E0005B62D /* Main.storyboard */,
				113FBE69249D5F7500DBAE55 /* GameOverViewController.swift */,
				118D74C5242C7048007DB21E /* CategoryViewController.swift */,
				11343DBA2470584900748375 /* GameViewController.swift */,
				11A9F3FC247A6BBD0093E699 /* PauseViewController.swift */,
				11A022B12481F5E600D49FFB /* GoogleService-Info.plist */,
				111A7EAF24763DC8006CF80D /* Model */,
				11058729242433900005B62D /* Assets.xcassets */,
				1105872E242433900005B62D /* Info.plist */,
			);
			path = "Unscramble Jumble!";
			sourceTree = "<group>";
		};
		11058736242433900005B62D /* Unscramble Jumble!Tests */ = {
			isa = PBXGroup;
			children = (
				11058737242433900005B62D /* Unscramble_It_Tests.swift */,
				11058739242433900005B62D /* Info.plist */,
			);
			path = "Unscramble Jumble!Tests";
			sourceTree = "<group>";
		};
		11058741242433910005B62D /* Unscramble Jumble!UITests */ = {
			isa = PBXGroup;
			children = (
				11058742242433910005B62D /* Unscramble_It_UITests.swift */,
				11058744242433910005B62D /* Info.plist */,
			);
			path = "Unscramble Jumble!UITests";
			sourceTree = "<group>";
		};
		111A7EAF24763DC8006CF80D /* Model */ = {
			isa = PBXGroup;
			children = (
				111A7EAD24763D07006CF80D /* Game.swift */,
			);
			path = Model;
			sourceTree = "<group>";
		};
		11D793C82428823600435B54 /* Text File References */ = {
			isa = PBXGroup;
			children = (
				11D793C22428822A00435B54 /* Adjectives.txt */,
				11D793BE2428822A00435B54 /* Common_Words.txt */,
				11D793C12428822A00435B54 /* Countries.txt */,
				11D793BF2428822A00435B54 /* Nature.txt */,
				11D793C02428822A00435B54 /* Space.txt */,
			);
			path = "Text File References";
			sourceTree = "<group>";
		};
		11DAC5F72473835A00AF718C /* Supporting Files */ = {
			isa = PBXGroup;
			children = (
				1105871D2424338E0005B62D /* AppDelegate.swift */,
				1105871F2424338E0005B62D /* SceneDelegate.swift */,
				1105872B242433900005B62D /* LaunchScreen.storyboard */,
			);
			path = "Supporting Files";
			sourceTree = "<group>";
		};
		7A0D13E767F739ECF5F6019A /* Frameworks */ = {
			isa = PBXGroup;
			children = (
				41D3F17EE563DACE510D17BC /* Pods_Unscramble_Jumble_.framework */,
				AF8D8C68B8B54DD4B18EBF0E /* Pods_Unscramble_Jumble__Unscramble_Jumble_UITests.framework */,
				D0862E7F9D3464E71480FFBD /* Pods_Unscramble_Jumble_Tests.framework */,
			);
			name = Frameworks;
			sourceTree = "<group>";
		};
		FB797A47E0B8BE37B0A69770 /* Pods */ = {
			isa = PBXGroup;
			children = (
				691EE09F98E1E12534CB7D80 /* Pods-Unscramble Jumble!.debug.xcconfig */,
				D282ABFB0AC496FE64F22251 /* Pods-Unscramble Jumble!.release.xcconfig */,
				75DF4504FCB2D51155E75C87 /* Pods-Unscramble Jumble!-Unscramble Jumble!UITests.debug.xcconfig */,
				5D97C533391672E1166EFA58 /* Pods-Unscramble Jumble!-Unscramble Jumble!UITests.release.xcconfig */,
				5E5890B221B1003535E6BBD5 /* Pods-Unscramble Jumble!Tests.debug.xcconfig */,
				DEB56FD209DBC4E50D659AE5 /* Pods-Unscramble Jumble!Tests.release.xcconfig */,
			);
			path = Pods;
			sourceTree = "<group>";
		};
/* End PBXGroup section */

/* Begin PBXNativeTarget section */
		110587192424338E0005B62D /* Unscramble Jumble! */ = {
			isa = PBXNativeTarget;
			buildConfigurationList = 11058747242433910005B62D /* Build configuration list for PBXNativeTarget "Unscramble Jumble!" */;
			buildPhases = (
				8F63B44147B09491805CF70E /* [CP] Check Pods Manifest.lock */,
				110587162424338E0005B62D /* Sources */,
				110587172424338E0005B62D /* Frameworks */,
				110587182424338E0005B62D /* Resources */,
				B1E2E246065BEF0957D1645B /* [CP] Embed Pods Frameworks */,
			);
			buildRules = (
			);
			dependencies = (
			);
			name = "Unscramble Jumble!";
			productName = "Unscramble It!";
			productReference = 1105871A2424338E0005B62D /* Unscramble Jumble!.app */;
			productType = "com.apple.product-type.application";
		};
		11058732242433900005B62D /* Unscramble Jumble!Tests */ = {
			isa = PBXNativeTarget;
			buildConfigurationList = 1105874A242433910005B62D /* Build configuration list for PBXNativeTarget "Unscramble Jumble!Tests" */;
			buildPhases = (
				233C56D078E27E838E03B0FC /* [CP] Check Pods Manifest.lock */,
				1105872F242433900005B62D /* Sources */,
				11058730242433900005B62D /* Frameworks */,
				11058731242433900005B62D /* Resources */,
			);
			buildRules = (
			);
			dependencies = (
				11058735242433900005B62D /* PBXTargetDependency */,
			);
			name = "Unscramble Jumble!Tests";
			productName = "Unscramble It!Tests";
			productReference = 11058733242433900005B62D /* Unscramble Jumble!Tests.xctest */;
			productType = "com.apple.product-type.bundle.unit-test";
		};
		1105873D242433910005B62D /* Unscramble Jumble!UITests */ = {
			isa = PBXNativeTarget;
			buildConfigurationList = 1105874D242433910005B62D /* Build configuration list for PBXNativeTarget "Unscramble Jumble!UITests" */;
			buildPhases = (
				21F5891FC5672DDBD2A4AA32 /* [CP] Check Pods Manifest.lock */,
				1105873A242433910005B62D /* Sources */,
				1105873B242433910005B62D /* Frameworks */,
				1105873C242433910005B62D /* Resources */,
				98076BC97838EF951ACC3F58 /* [CP] Embed Pods Frameworks */,
			);
			buildRules = (
			);
			dependencies = (
				11058740242433910005B62D /* PBXTargetDependency */,
			);
			name = "Unscramble Jumble!UITests";
			productName = "Unscramble It!UITests";
			productReference = 1105873E242433910005B62D /* Unscramble Jumble!UITests.xctest */;
			productType = "com.apple.product-type.bundle.ui-testing";
		};
/* End PBXNativeTarget section */

/* Begin PBXProject section */
		110587122424338E0005B62D /* Project object */ = {
			isa = PBXProject;
			attributes = {
				LastSwiftUpdateCheck = 1130;
				LastUpgradeCheck = 1130;
				ORGANIZATIONNAME = "Hall Inc.";
				TargetAttributes = {
					110587192424338E0005B62D = {
						CreatedOnToolsVersion = 11.3;
					};
					11058732242433900005B62D = {
						CreatedOnToolsVersion = 11.3;
						TestTargetID = 110587192424338E0005B62D;
					};
					1105873D242433910005B62D = {
						CreatedOnToolsVersion = 11.3;
						TestTargetID = 110587192424338E0005B62D;
					};
				};
			};
			buildConfigurationList = 110587152424338E0005B62D /* Build configuration list for PBXProject "Unscramble Jumble!" */;
			compatibilityVersion = "Xcode 9.3";
			developmentRegion = en;
			hasScannedForEncodings = 0;
			knownRegions = (
				en,
				Base,
			);
			mainGroup = 110587112424338E0005B62D;
			productRefGroup = 1105871B2424338E0005B62D /* Products */;
			projectDirPath = "";
			projectRoot = "";
			targets = (
				110587192424338E0005B62D /* Unscramble Jumble! */,
				11058732242433900005B62D /* Unscramble Jumble!Tests */,
				1105873D242433910005B62D /* Unscramble Jumble!UITests */,
			);
		};
/* End PBXProject section */

/* Begin PBXResourcesBuildPhase section */
		110587182424338E0005B62D /* Resources */ = {
			isa = PBXResourcesBuildPhase;
			buildActionMask = 2147483647;
			files = (
				1105872D242433900005B62D /* LaunchScreen.storyboard in Resources */,
				11D793C32428822A00435B54 /* Common_Words.txt in Resources */,
				11A022B22481F5E600D49FFB /* GoogleService-Info.plist in Resources */,
				1105872A242433900005B62D /* Assets.xcassets in Resources */,
				110587252424338E0005B62D /* Main.storyboard in Resources */,
				11D793C42428822A00435B54 /* Nature.txt in Resources */,
				11D793C52428822A00435B54 /* Space.txt in Resources */,
				11D793C72428822A00435B54 /* Adjectives.txt in Resources */,
				11D793C62428822A00435B54 /* Countries.txt in Resources */,
			);
			runOnlyForDeploymentPostprocessing = 0;
		};
		11058731242433900005B62D /* Resources */ = {
			isa = PBXResourcesBuildPhase;
			buildActionMask = 2147483647;
			files = (
			);
			runOnlyForDeploymentPostprocessing = 0;
		};
		1105873C242433910005B62D /* Resources */ = {
			isa = PBXResourcesBuildPhase;
			buildActionMask = 2147483647;
			files = (
			);
			runOnlyForDeploymentPostprocessing = 0;
		};
/* End PBXResourcesBuildPhase section */

/* Begin PBXShellScriptBuildPhase section */
		21F5891FC5672DDBD2A4AA32 /* [CP] Check Pods Manifest.lock */ = {
			isa = PBXShellScriptBuildPhase;
			buildActionMask = 2147483647;
			files = (
			);
			inputFileListPaths = (
			);
			inputPaths = (
				"${PODS_PODFILE_DIR_PATH}/Podfile.lock",
				"${PODS_ROOT}/Manifest.lock",
			);
			name = "[CP] Check Pods Manifest.lock";
			outputFileListPaths = (
			);
			outputPaths = (
				"$(DERIVED_FILE_DIR)/Pods-Unscramble Jumble!-Unscramble Jumble!UITests-checkManifestLockResult.txt",
			);
			runOnlyForDeploymentPostprocessing = 0;
			shellPath = /bin/sh;
			shellScript = "diff \"${PODS_PODFILE_DIR_PATH}/Podfile.lock\" \"${PODS_ROOT}/Manifest.lock\" > /dev/null\nif [ $? != 0 ] ; then\n    # print error to STDERR\n    echo \"error: The sandbox is not in sync with the Podfile.lock. Run 'pod install' or update your CocoaPods installation.\" >&2\n    exit 1\nfi\n# This output is used by Xcode 'outputs' to avoid re-running this script phase.\necho \"SUCCESS\" > \"${SCRIPT_OUTPUT_FILE_0}\"\n";
			showEnvVarsInLog = 0;
		};
		233C56D078E27E838E03B0FC /* [CP] Check Pods Manifest.lock */ = {
			isa = PBXShellScriptBuildPhase;
			buildActionMask = 2147483647;
			files = (
			);
			inputFileListPaths = (
			);
			inputPaths = (
				"${PODS_PODFILE_DIR_PATH}/Podfile.lock",
				"${PODS_ROOT}/Manifest.lock",
			);
			name = "[CP] Check Pods Manifest.lock";
			outputFileListPaths = (
			);
			outputPaths = (
				"$(DERIVED_FILE_DIR)/Pods-Unscramble Jumble!Tests-checkManifestLockResult.txt",
			);
			runOnlyForDeploymentPostprocessing = 0;
			shellPath = /bin/sh;
			shellScript = "diff \"${PODS_PODFILE_DIR_PATH}/Podfile.lock\" \"${PODS_ROOT}/Manifest.lock\" > /dev/null\nif [ $? != 0 ] ; then\n    # print error to STDERR\n    echo \"error: The sandbox is not in sync with the Podfile.lock. Run 'pod install' or update your CocoaPods installation.\" >&2\n    exit 1\nfi\n# This output is used by Xcode 'outputs' to avoid re-running this script phase.\necho \"SUCCESS\" > \"${SCRIPT_OUTPUT_FILE_0}\"\n";
			showEnvVarsInLog = 0;
		};
		8F63B44147B09491805CF70E /* [CP] Check Pods Manifest.lock */ = {
			isa = PBXShellScriptBuildPhase;
			buildActionMask = 2147483647;
			files = (
			);
			inputFileListPaths = (
			);
			inputPaths = (
				"${PODS_PODFILE_DIR_PATH}/Podfile.lock",
				"${PODS_ROOT}/Manifest.lock",
			);
			name = "[CP] Check Pods Manifest.lock";
			outputFileListPaths = (
			);
			outputPaths = (
				"$(DERIVED_FILE_DIR)/Pods-Unscramble Jumble!-checkManifestLockResult.txt",
			);
			runOnlyForDeploymentPostprocessing = 0;
			shellPath = /bin/sh;
			shellScript = "diff \"${PODS_PODFILE_DIR_PATH}/Podfile.lock\" \"${PODS_ROOT}/Manifest.lock\" > /dev/null\nif [ $? != 0 ] ; then\n    # print error to STDERR\n    echo \"error: The sandbox is not in sync with the Podfile.lock. Run 'pod install' or update your CocoaPods installation.\" >&2\n    exit 1\nfi\n# This output is used by Xcode 'outputs' to avoid re-running this script phase.\necho \"SUCCESS\" > \"${SCRIPT_OUTPUT_FILE_0}\"\n";
			showEnvVarsInLog = 0;
		};
		98076BC97838EF951ACC3F58 /* [CP] Embed Pods Frameworks */ = {
			isa = PBXShellScriptBuildPhase;
			buildActionMask = 2147483647;
			files = (
			);
			inputFileListPaths = (
				"${PODS_ROOT}/Target Support Files/Pods-Unscramble Jumble!-Unscramble Jumble!UITests/Pods-Unscramble Jumble!-Unscramble Jumble!UITests-frameworks-${CONFIGURATION}-input-files.xcfilelist",
			);
			name = "[CP] Embed Pods Frameworks";
			outputFileListPaths = (
				"${PODS_ROOT}/Target Support Files/Pods-Unscramble Jumble!-Unscramble Jumble!UITests/Pods-Unscramble Jumble!-Unscramble Jumble!UITests-frameworks-${CONFIGURATION}-output-files.xcfilelist",
			);
			runOnlyForDeploymentPostprocessing = 0;
			shellPath = /bin/sh;
			shellScript = "\"${PODS_ROOT}/Target Support Files/Pods-Unscramble Jumble!-Unscramble Jumble!UITests/Pods-Unscramble Jumble!-Unscramble Jumble!UITests-frameworks.sh\"\n";
			showEnvVarsInLog = 0;
		};
		B1E2E246065BEF0957D1645B /* [CP] Embed Pods Frameworks */ = {
			isa = PBXShellScriptBuildPhase;
			buildActionMask = 2147483647;
			files = (
			);
			inputFileListPaths = (
				"${PODS_ROOT}/Target Support Files/Pods-Unscramble Jumble!/Pods-Unscramble Jumble!-frameworks-${CONFIGURATION}-input-files.xcfilelist",
			);
			name = "[CP] Embed Pods Frameworks";
			outputFileListPaths = (
				"${PODS_ROOT}/Target Support Files/Pods-Unscramble Jumble!/Pods-Unscramble Jumble!-frameworks-${CONFIGURATION}-output-files.xcfilelist",
			);
			runOnlyForDeploymentPostprocessing = 0;
			shellPath = /bin/sh;
			shellScript = "\"${PODS_ROOT}/Target Support Files/Pods-Unscramble Jumble!/Pods-Unscramble Jumble!-frameworks.sh\"\n";
			showEnvVarsInLog = 0;
		};
/* End PBXShellScriptBuildPhase section */

/* Begin PBXSourcesBuildPhase section */
		110587162424338E0005B62D /* Sources */ = {
			isa = PBXSourcesBuildPhase;
			buildActionMask = 2147483647;
			files = (
				118D74C6242C7048007DB21E /* CategoryViewController.swift in Sources */,
				111A7EAE24763D07006CF80D /* Game.swift in Sources */,
				110587222424338E0005B62D /* StartViewController.swift in Sources */,
				1105871E2424338E0005B62D /* AppDelegate.swift in Sources */,
				113FBE6A249D5F7500DBAE55 /* GameOverViewController.swift in Sources */,
				11343DBB2470584900748375 /* GameViewController.swift in Sources */,
				110587202424338E0005B62D /* SceneDelegate.swift in Sources */,
				1191C5012478E25A00F38E9C /* Constants.swift in Sources */,
				11A9F3FD247A6BBD0093E699 /* PauseViewController.swift in Sources */,
			);
			runOnlyForDeploymentPostprocessing = 0;
		};
		1105872F242433900005B62D /* Sources */ = {
			isa = PBXSourcesBuildPhase;
			buildActionMask = 2147483647;
			files = (
				11058738242433900005B62D /* Unscramble_It_Tests.swift in Sources */,
			);
			runOnlyForDeploymentPostprocessing = 0;
		};
		1105873A242433910005B62D /* Sources */ = {
			isa = PBXSourcesBuildPhase;
			buildActionMask = 2147483647;
			files = (
				11058743242433910005B62D /* Unscramble_It_UITests.swift in Sources */,
			);
			runOnlyForDeploymentPostprocessing = 0;
		};
/* End PBXSourcesBuildPhase section */

/* Begin PBXTargetDependency section */
		11058735242433900005B62D /* PBXTargetDependency */ = {
			isa = PBXTargetDependency;
			target = 110587192424338E0005B62D /* Unscramble Jumble! */;
			targetProxy = 11058734242433900005B62D /* PBXContainerItemProxy */;
		};
		11058740242433910005B62D /* PBXTargetDependency */ = {
			isa = PBXTargetDependency;
			target = 110587192424338E0005B62D /* Unscramble Jumble! */;
			targetProxy = 1105873F242433910005B62D /* PBXContainerItemProxy */;
		};
/* End PBXTargetDependency section */

/* Begin PBXVariantGroup section */
		110587232424338E0005B62D /* Main.storyboard */ = {
			isa = PBXVariantGroup;
			children = (
				110587242424338E0005B62D /* Base */,
			);
			name = Main.storyboard;
			sourceTree = "<group>";
		};
		1105872B242433900005B62D /* LaunchScreen.storyboard */ = {
			isa = PBXVariantGroup;
			children = (
				1105872C242433900005B62D /* Base */,
			);
			name = LaunchScreen.storyboard;
			sourceTree = "<group>";
		};
/* End PBXVariantGroup section */

/* Begin XCBuildConfiguration section */
		11058745242433910005B62D /* Debug */ = {
			isa = XCBuildConfiguration;
			buildSettings = {
				ALWAYS_SEARCH_USER_PATHS = NO;
				CLANG_ANALYZER_NONNULL = YES;
				CLANG_ANALYZER_NUMBER_OBJECT_CONVERSION = YES_AGGRESSIVE;
				CLANG_CXX_LANGUAGE_STANDARD = "gnu++14";
				CLANG_CXX_LIBRARY = "libc++";
				CLANG_ENABLE_MODULES = YES;
				CLANG_ENABLE_OBJC_ARC = YES;
				CLANG_ENABLE_OBJC_WEAK = YES;
				CLANG_WARN_BLOCK_CAPTURE_AUTORELEASING = YES;
				CLANG_WARN_BOOL_CONVERSION = YES;
				CLANG_WARN_COMMA = YES;
				CLANG_WARN_CONSTANT_CONVERSION = YES;
				CLANG_WARN_DEPRECATED_OBJC_IMPLEMENTATIONS = YES;
				CLANG_WARN_DIRECT_OBJC_ISA_USAGE = YES_ERROR;
				CLANG_WARN_DOCUMENTATION_COMMENTS = YES;
				CLANG_WARN_EMPTY_BODY = YES;
				CLANG_WARN_ENUM_CONVERSION = YES;
				CLANG_WARN_INFINITE_RECURSION = YES;
				CLANG_WARN_INT_CONVERSION = YES;
				CLANG_WARN_NON_LITERAL_NULL_CONVERSION = YES;
				CLANG_WARN_OBJC_IMPLICIT_RETAIN_SELF = YES;
				CLANG_WARN_OBJC_LITERAL_CONVERSION = YES;
				CLANG_WARN_OBJC_ROOT_CLASS = YES_ERROR;
				CLANG_WARN_RANGE_LOOP_ANALYSIS = YES;
				CLANG_WARN_STRICT_PROTOTYPES = YES;
				CLANG_WARN_SUSPICIOUS_MOVE = YES;
				CLANG_WARN_UNGUARDED_AVAILABILITY = YES_AGGRESSIVE;
				CLANG_WARN_UNREACHABLE_CODE = YES;
				CLANG_WARN__DUPLICATE_METHOD_MATCH = YES;
				COPY_PHASE_STRIP = NO;
				DEBUG_INFORMATION_FORMAT = dwarf;
				ENABLE_STRICT_OBJC_MSGSEND = YES;
				ENABLE_TESTABILITY = YES;
				GCC_C_LANGUAGE_STANDARD = gnu11;
				GCC_DYNAMIC_NO_PIC = NO;
				GCC_NO_COMMON_BLOCKS = YES;
				GCC_OPTIMIZATION_LEVEL = 0;
				GCC_PREPROCESSOR_DEFINITIONS = (
					"DEBUG=1",
					"$(inherited)",
				);
				GCC_WARN_64_TO_32_BIT_CONVERSION = YES;
				GCC_WARN_ABOUT_RETURN_TYPE = YES_ERROR;
				GCC_WARN_UNDECLARED_SELECTOR = YES;
				GCC_WARN_UNINITIALIZED_AUTOS = YES_AGGRESSIVE;
				GCC_WARN_UNUSED_FUNCTION = YES;
				GCC_WARN_UNUSED_VARIABLE = YES;
				IPHONEOS_DEPLOYMENT_TARGET = 13.2;
				MTL_ENABLE_DEBUG_INFO = INCLUDE_SOURCE;
				MTL_FAST_MATH = YES;
				ONLY_ACTIVE_ARCH = YES;
				SDKROOT = iphoneos;
				SWIFT_ACTIVE_COMPILATION_CONDITIONS = DEBUG;
				SWIFT_OPTIMIZATION_LEVEL = "-Onone";
			};
			name = Debug;
		};
		11058746242433910005B62D /* Release */ = {
			isa = XCBuildConfiguration;
			buildSettings = {
				ALWAYS_SEARCH_USER_PATHS = NO;
				CLANG_ANALYZER_NONNULL = YES;
				CLANG_ANALYZER_NUMBER_OBJECT_CONVERSION = YES_AGGRESSIVE;
				CLANG_CXX_LANGUAGE_STANDARD = "gnu++14";
				CLANG_CXX_LIBRARY = "libc++";
				CLANG_ENABLE_MODULES = YES;
				CLANG_ENABLE_OBJC_ARC = YES;
				CLANG_ENABLE_OBJC_WEAK = YES;
				CLANG_WARN_BLOCK_CAPTURE_AUTORELEASING = YES;
				CLANG_WARN_BOOL_CONVERSION = YES;
				CLANG_WARN_COMMA = YES;
				CLANG_WARN_CONSTANT_CONVERSION = YES;
				CLANG_WARN_DEPRECATED_OBJC_IMPLEMENTATIONS = YES;
				CLANG_WARN_DIRECT_OBJC_ISA_USAGE = YES_ERROR;
				CLANG_WARN_DOCUMENTATION_COMMENTS = YES;
				CLANG_WARN_EMPTY_BODY = YES;
				CLANG_WARN_ENUM_CONVERSION = YES;
				CLANG_WARN_INFINITE_RECURSION = YES;
				CLANG_WARN_INT_CONVERSION = YES;
				CLANG_WARN_NON_LITERAL_NULL_CONVERSION = YES;
				CLANG_WARN_OBJC_IMPLICIT_RETAIN_SELF = YES;
				CLANG_WARN_OBJC_LITERAL_CONVERSION = YES;
				CLANG_WARN_OBJC_ROOT_CLASS = YES_ERROR;
				CLANG_WARN_RANGE_LOOP_ANALYSIS = YES;
				CLANG_WARN_STRICT_PROTOTYPES = YES;
				CLANG_WARN_SUSPICIOUS_MOVE = YES;
				CLANG_WARN_UNGUARDED_AVAILABILITY = YES_AGGRESSIVE;
				CLANG_WARN_UNREACHABLE_CODE = YES;
				CLANG_WARN__DUPLICATE_METHOD_MATCH = YES;
				COPY_PHASE_STRIP = NO;
				DEBUG_INFORMATION_FORMAT = "dwarf-with-dsym";
				ENABLE_NS_ASSERTIONS = NO;
				ENABLE_STRICT_OBJC_MSGSEND = YES;
				GCC_C_LANGUAGE_STANDARD = gnu11;
				GCC_NO_COMMON_BLOCKS = YES;
				GCC_WARN_64_TO_32_BIT_CONVERSION = YES;
				GCC_WARN_ABOUT_RETURN_TYPE = YES_ERROR;
				GCC_WARN_UNDECLARED_SELECTOR = YES;
				GCC_WARN_UNINITIALIZED_AUTOS = YES_AGGRESSIVE;
				GCC_WARN_UNUSED_FUNCTION = YES;
				GCC_WARN_UNUSED_VARIABLE = YES;
				IPHONEOS_DEPLOYMENT_TARGET = 13.2;
				MTL_ENABLE_DEBUG_INFO = NO;
				MTL_FAST_MATH = YES;
				SDKROOT = iphoneos;
				SWIFT_COMPILATION_MODE = wholemodule;
				SWIFT_OPTIMIZATION_LEVEL = "-O";
				VALIDATE_PRODUCT = YES;
			};
			name = Release;
		};
		11058748242433910005B62D /* Debug */ = {
			isa = XCBuildConfiguration;
			baseConfigurationReference = 691EE09F98E1E12534CB7D80 /* Pods-Unscramble Jumble!.debug.xcconfig */;
			buildSettings = {
				ASSETCATALOG_COMPILER_APPICON_NAME = AppIcon;
				CODE_SIGN_STYLE = Automatic;
				DEVELOPMENT_TEAM = PFCM63NH3Y;
				FRAMEWORK_SEARCH_PATHS = (
					"$(PROJECT_DIR)",
					"$(inherited)",
				);
				INFOPLIST_FILE = "Unscramble Jumble!/Info.plist";
				IPHONEOS_DEPLOYMENT_TARGET = 13.0;
				LD_RUNPATH_SEARCH_PATHS = (
					"$(inherited)",
					"@executable_path/Frameworks",
				);
				PRODUCT_BUNDLE_IDENTIFIER = "com.alexanderhallcs.Unscramble-Jumble";
				PRODUCT_NAME = "Unscramble Jumble!";
				SWIFT_VERSION = 5.0;
				TARGETED_DEVICE_FAMILY = "1,2";
			};
			name = Debug;
		};
		11058749242433910005B62D /* Release */ = {
			isa = XCBuildConfiguration;
			baseConfigurationReference = D282ABFB0AC496FE64F22251 /* Pods-Unscramble Jumble!.release.xcconfig */;
			buildSettings = {
				ASSETCATALOG_COMPILER_APPICON_NAME = AppIcon;
				CODE_SIGN_STYLE = Automatic;
				DEVELOPMENT_TEAM = PFCM63NH3Y;
				FRAMEWORK_SEARCH_PATHS = (
					"$(inherited)",
					"$(PROJECT_DIR)",
				);
				INFOPLIST_FILE = "Unscramble Jumble!/Info.plist";
				IPHONEOS_DEPLOYMENT_TARGET = 13.0;
				LD_RUNPATH_SEARCH_PATHS = (
					"$(inherited)",
					"@executable_path/Frameworks",
				);
				PRODUCT_BUNDLE_IDENTIFIER = "com.alexanderhallcs.Unscramble-Jumble";
				PRODUCT_NAME = "Unscramble Jumble!";
				SWIFT_VERSION = 5.0;
				TARGETED_DEVICE_FAMILY = "1,2";
			};
			name = Release;
		};
		1105874B242433910005B62D /* Debug */ = {
			isa = XCBuildConfiguration;
			baseConfigurationReference = 5E5890B221B1003535E6BBD5 /* Pods-Unscramble Jumble!Tests.debug.xcconfig */;
			buildSettings = {
				ALWAYS_EMBED_SWIFT_STANDARD_LIBRARIES = YES;
				BUNDLE_LOADER = "$(TEST_HOST)";
				CODE_SIGN_STYLE = Automatic;
				DEVELOPMENT_TEAM = PFCM63NH3Y;
				INFOPLIST_FILE = "Unscramble Jumble!Tests/Info.plist";
				IPHONEOS_DEPLOYMENT_TARGET = 13.2;
				LD_RUNPATH_SEARCH_PATHS = (
					"$(inherited)",
					"@executable_path/Frameworks",
					"@loader_path/Frameworks",
				);
				PRODUCT_BUNDLE_IDENTIFIER = "com.alexanderhallcs.Unscramble-It-Tests";
				PRODUCT_NAME = "$(TARGET_NAME)";
				SWIFT_VERSION = 5.0;
				TARGETED_DEVICE_FAMILY = "1,2";
				TEST_HOST = "$(BUILT_PRODUCTS_DIR)/Unscramble Jumble!.app/Unscramble Jumble!";
			};
			name = Debug;
		};
		1105874C242433910005B62D /* Release */ = {
			isa = XCBuildConfiguration;
			baseConfigurationReference = DEB56FD209DBC4E50D659AE5 /* Pods-Unscramble Jumble!Tests.release.xcconfig */;
			buildSettings = {
				ALWAYS_EMBED_SWIFT_STANDARD_LIBRARIES = YES;
				BUNDLE_LOADER = "$(TEST_HOST)";
				CODE_SIGN_STYLE = Automatic;
				DEVELOPMENT_TEAM = PFCM63NH3Y;
				INFOPLIST_FILE = "Unscramble Jumble!Tests/Info.plist";
				IPHONEOS_DEPLOYMENT_TARGET = 13.2;
				LD_RUNPATH_SEARCH_PATHS = (
					"$(inherited)",
					"@executable_path/Frameworks",
					"@loader_path/Frameworks",
				);
				PRODUCT_BUNDLE_IDENTIFIER = "com.alexanderhallcs.Unscramble-It-Tests";
				PRODUCT_NAME = "$(TARGET_NAME)";
				SWIFT_VERSION = 5.0;
				TARGETED_DEVICE_FAMILY = "1,2";
				TEST_HOST = "$(BUILT_PRODUCTS_DIR)/Unscramble Jumble!.app/Unscramble Jumble!";
			};
			name = Release;
		};
		1105874E242433910005B62D /* Debug */ = {
			isa = XCBuildConfiguration;
			baseConfigurationReference = 75DF4504FCB2D51155E75C87 /* Pods-Unscramble Jumble!-Unscramble Jumble!UITests.debug.xcconfig */;
			buildSettings = {
				ALWAYS_EMBED_SWIFT_STANDARD_LIBRARIES = YES;
				CODE_SIGN_STYLE = Automatic;
				DEVELOPMENT_TEAM = PFCM63NH3Y;
				INFOPLIST_FILE = "Unscramble Jumble!UITests/Info.plist";
				LD_RUNPATH_SEARCH_PATHS = (
					"$(inherited)",
					"@executable_path/Frameworks",
					"@loader_path/Frameworks",
				);
				PRODUCT_BUNDLE_IDENTIFIER = "com.alexanderhallcs.Unscramble-It-UITests";
				PRODUCT_NAME = "$(TARGET_NAME)";
				SWIFT_VERSION = 5.0;
				TARGETED_DEVICE_FAMILY = "1,2";
				TEST_TARGET_NAME = "Unscramble It!";
			};
			name = Debug;
		};
		1105874F242433910005B62D /* Release */ = {
			isa = XCBuildConfiguration;
			baseConfigurationReference = 5D97C533391672E1166EFA58 /* Pods-Unscramble Jumble!-Unscramble Jumble!UITests.release.xcconfig */;
			buildSettings = {
				ALWAYS_EMBED_SWIFT_STANDARD_LIBRARIES = YES;
				CODE_SIGN_STYLE = Automatic;
				DEVELOPMENT_TEAM = PFCM63NH3Y;
				INFOPLIST_FILE = "Unscramble Jumble!UITests/Info.plist";
				LD_RUNPATH_SEARCH_PATHS = (
					"$(inherited)",
					"@executable_path/Frameworks",
					"@loader_path/Frameworks",
				);
				PRODUCT_BUNDLE_IDENTIFIER = "com.alexanderhallcs.Unscramble-It-UITests";
				PRODUCT_NAME = "$(TARGET_NAME)";
				SWIFT_VERSION = 5.0;
				TARGETED_DEVICE_FAMILY = "1,2";
				TEST_TARGET_NAME = "Unscramble It!";
			};
			name = Release;
		};
/* End XCBuildConfiguration section */

/* Begin XCConfigurationList section */
		110587152424338E0005B62D /* Build configuration list for PBXProject "Unscramble Jumble!" */ = {
			isa = XCConfigurationList;
			buildConfigurations = (
				11058745242433910005B62D /* Debug */,
				11058746242433910005B62D /* Release */,
			);
			defaultConfigurationIsVisible = 0;
			defaultConfigurationName = Release;
		};
		11058747242433910005B62D /* Build configuration list for PBXNativeTarget "Unscramble Jumble!" */ = {
			isa = XCConfigurationList;
			buildConfigurations = (
				11058748242433910005B62D /* Debug */,
				11058749242433910005B62D /* Release */,
			);
			defaultConfigurationIsVisible = 0;
			defaultConfigurationName = Release;
		};
		1105874A242433910005B62D /* Build configuration list for PBXNativeTarget "Unscramble Jumble!Tests" */ = {
			isa = XCConfigurationList;
			buildConfigurations = (
				1105874B242433910005B62D /* Debug */,
				1105874C242433910005B62D /* Release */,
			);
			defaultConfigurationIsVisible = 0;
			defaultConfigurationName = Release;
		};
		1105874D242433910005B62D /* Build configuration list for PBXNativeTarget "Unscramble Jumble!UITests" */ = {
			isa = XCConfigurationList;
			buildConfigurations = (
				1105874E242433910005B62D /* Debug */,
				1105874F242433910005B62D /* Release */,
			);
			defaultConfigurationIsVisible = 0;
			defaultConfigurationName = Release;
		};
/* End XCConfigurationList section */
	};
	rootObject = 110587122424338E0005B62D /* Project object */;
}
